
Microsoft Visual Studio Solution File, Format Version 12.00
Project("{FAE04EC0-301F-11D3-BF4B-00C04F79EFBC}") = "Level1.1", "Level1.1\Level1.1.csproj", "{FF29FD89-74A2-42A9-84FE-FCAC1F409943}"
EndProject
Global
	GlobalSection(SolutionConfigurationPlatforms) = preSolution
		Debug|Any CPU = Debug|Any CPU
		Release|Any CPU = Release|Any CPU
	EndGlobalSection
	GlobalSection(ProjectConfigurationPlatforms) = postSolution
		{FF29FD89-74A2-42A9-84FE-FCAC1F409943}.Debug|Any CPU.ActiveCfg = Debug|Any CPU
		{FF29FD89-74A2-42A9-84FE-FCAC1F409943}.Debug|Any CPU.Build.0 = Debug|Any CPU
		{FF29FD89-74A2-42A9-84FE-FCAC1F409943}.Release|Any CPU.ActiveCfg = Release|Any CPU
		{FF29FD89-74A2-42A9-84FE-FCAC1F409943}.Release|Any CPU.Build.0 = Release|Any CPU
	EndGlobalSection
EndGlobal
